
Microsoft Visual Studio Solution File, Format Version 12.00
# Visual Studio Express 2013 for Windows Desktop
VisualStudioVersion = 12.0.21005.1
MinimumVisualStudioVersion = 10.0.40219.1
Project("{8BC9CEB8-8B4A-11D0-8D11-00A0C91BC942}") = "sharker", "sharker\sharker.vcxproj", "{A55763E5-C901-4804-87F2-78AE7A0E273E}"
EndProject
Project("{8BC9CEB8-8B4A-11D0-8D11-00A0C91BC942}") = "jaws", "jaws\jaws.vcxproj", "{F551DAA7-C444-4E6E-B821-59CBDBC89946}"
EndProject
Global
	GlobalSection(SolutionConfigurationPlatforms) = preSolution
		Debug|Win32 = Debug|Win32
		Release|Win32 = Release|Win32
	EndGlobalSection
	GlobalSection(ProjectConfigurationPlatforms) = postSolution
		{A55763E5-C901-4804-87F2-78AE7A0E273E}.Debug|Win32.ActiveCfg = Debug|Win32
		{A55763E5-C901-4804-87F2-78AE7A0E273E}.Debug|Win32.Build.0 = Debug|Win32
		{A55763E5-C901-4804-87F2-78AE7A0E273E}.Release|Win32.ActiveCfg = Release|Win32
		{A55763E5-C901-4804-87F2-78AE7A0E273E}.Release|Win32.Build.0 = Release|Win32
		{F551DAA7-C444-4E6E-B821-59CBDBC89946}.Debug|Win32.ActiveCfg = Debug|Win32
		{F551DAA7-C444-4E6E-B821-59CBDBC89946}.Debug|Win32.Build.0 = Debug|Win32
		{F551DAA7-C444-4E6E-B821-59CBDBC89946}.Release|Win32.ActiveCfg = Release|Win32
		{F551DAA7-C444-4E6E-B821-59CBDBC89946}.Release|Win32.Build.0 = Release|Win32
	EndGlobalSection
	GlobalSection(SolutionProperties) = preSolution
		HideSolutionNode = FALSE
	EndGlobalSection
EndGlobal
