<?xml version="1.0" encoding="utf-8"?>
<Project ToolsVersion="4.0" xmlns="http://schemas.microsoft.com/developer/msbuild/2003">
  <ItemGroup>
    <Filter Include="Source Files">
      <UniqueIdentifier>{4FC737F1-C7A5-4376-A066-2A32D752A2FF}</UniqueIdentifier>
      <Extensions>cpp;c;cc;cxx;def;odl;idl;hpj;bat;asm;asmx</Extensions>
    </Filter>
    <Filter Include="Header Files">
      <UniqueIdentifier>{93995380-89BD-4b04-88EB-625FBE52EBFB}</UniqueIdentifier>
      <Extensions>h;hh;hpp;hxx;hm;inl;inc;xsd</Extensions>
    </Filter>
    <Filter Include="Resource Files">
      <UniqueIdentifier>{67DA6AB6-F800-4c08-8B7A-83BB121AAD01}</UniqueIdentifier>
      <Extensions>rc;ico;cur;bmp;dlg;rc2;rct;bin;rgs;gif;jpg;jpeg;jpe;resx;tiff;tif;png;wav;mfcribbon-ms</Extensions>
    </Filter>
    <Filter Include="Lua source">
      <UniqueIdentifier>{008c0b08-aeb7-4eee-93bd-60e00609538a}</UniqueIdentifier>
    </Filter>
    <Filter Include="lib">
      <UniqueIdentifier>{d592c721-0843-4595-ba4e-6c06a0687f98}</UniqueIdentifier>
    </Filter>
  </ItemGroup>
  <ItemGroup>
    <ClCompile Include="..\Lua\lapi.c">
      <Filter>Lua source</Filter>
    </ClCompile>
    <ClCompile Include="..\Lua\lauxlib.c">
      <Filter>Lua source</Filter>
    </ClCompile>
    <ClCompile Include="..\Lua\lbaselib.c">
      <Filter>Lua source</Filter>
    </ClCompile>
    <ClCompile Include="..\Lua\lbitlib.c">
      <Filter>Lua source</Filter>
    </ClCompile>
    <ClCompile Include="..\Lua\lcode.c">
      <Filter>Lua source</Filter>
    </ClCompile>
    <ClCompile Include="..\Lua\lcorolib.c">
      <Filter>Lua source</Filter>
    </ClCompile>
    <ClCompile Include="..\Lua\lctype.c">
      <Filter>Lua source</Filter>
    </ClCompile>
    <ClCompile Include="..\Lua\ldblib.c">
      <Filter>Lua source</Filter>
    </ClCompile>
    <ClCompile Include="..\Lua\ldebug.c">
      <Filter>Lua source</Filter>
    </ClCompile>
    <ClCompile Include="..\Lua\ldo.c">
      <Filter>Lua source</Filter>
    </ClCompile>
    <ClCompile Include="..\Lua\ldump.c">
      <Filter>Lua source</Filter>
    </ClCompile>
    <ClCompile Include="..\Lua\lfunc.c">
      <Filter>Lua source</Filter>
    </ClCompile>
    <ClCompile Include="..\Lua\lgc.c">
      <Filter>Lua source</Filter>
    </ClCompile>
    <ClCompile Include="..\Lua\linit.c">
      <Filter>Lua source</Filter>
    </ClCompile>
    <ClCompile Include="..\Lua\liolib.c">
      <Filter>Lua source</Filter>
    </ClCompile>
    <ClCompile Include="..\Lua\llex.c">
      <Filter>Lua source</Filter>
    </ClCompile>
    <ClCompile Include="..\Lua\lmathlib.c">
      <Filter>Lua source</Filter>
    </ClCompile>
    <ClCompile Include="..\Lua\lmem.c">
      <Filter>Lua source</Filter>
    </ClCompile>
    <ClCompile Include="..\Lua\loadlib.c">
      <Filter>Lua source</Filter>
    </ClCompile>
    <ClCompile Include="..\Lua\lobject.c">
      <Filter>Lua source</Filter>
    </ClCompile>
    <ClCompile Include="..\Lua\lopcodes.c">
      <Filter>Lua source</Filter>
    </ClCompile>
    <ClCompile Include="..\Lua\loslib.c">
      <Filter>Lua source</Filter>
    </ClCompile>
    <ClCompile Include="..\Lua\lparser.c">
      <Filter>Lua source</Filter>
    </ClCompile>
    <ClCompile Include="..\Lua\lstate.c">
      <Filter>Lua source</Filter>
    </ClCompile>
    <ClCompile Include="..\Lua\lstring.c">
      <Filter>Lua source</Filter>
    </ClCompile>
    <ClCompile Include="..\Lua\lstrlib.c">
      <Filter>Lua source</Filter>
    </ClCompile>
    <ClCompile Include="..\Lua\ltable.c">
      <Filter>Lua source</Filter>
    </ClCompile>
    <ClCompile Include="..\Lua\ltablib.c">
      <Filter>Lua source</Filter>
    </ClCompile>
    <ClCompile Include="..\Lua\ltm.c">
      <Filter>Lua source</Filter>
    </ClCompile>
    <ClCompile Include="..\Lua\lundump.c">
      <Filter>Lua source</Filter>
    </ClCompile>
    <ClCompile Include="..\Lua\lvm.c">
      <Filter>Lua source</Filter>
    </ClCompile>
    <ClCompile Include="..\Lua\lzio.c">
      <Filter>Lua source</Filter>
    </ClCompile>
    <ClCompile Include="dllmain.cpp">
      <Filter>Source Files</Filter>
    </ClCompile>
    <ClCompile Include="logging.cpp">
      <Filter>Source Files</Filter>
    </ClCompile>
    <ClCompile Include="api.cpp">
      <Filter>Source Files</Filter>
    </ClCompile>
    <ClCompile Include="..\shared\CDataFile.cpp">
      <Filter>lib</Filter>
    </ClCompile>
  </ItemGroup>
  <ItemGroup>
    <ClInclude Include="..\Lua\lapi.h">
      <Filter>Lua source</Filter>
    </ClInclude>
    <ClInclude Include="..\Lua\lauxlib.h">
      <Filter>Lua source</Filter>
    </ClInclude>
    <ClInclude Include="..\Lua\lcode.h">
      <Filter>Lua source</Filter>
    </ClInclude>
    <ClInclude Include="..\Lua\lctype.h">
      <Filter>Lua source</Filter>
    </ClInclude>
    <ClInclude Include="..\Lua\ldebug.h">
      <Filter>Lua source</Filter>
    </ClInclude>
    <ClInclude Include="..\Lua\ldo.h">
      <Filter>Lua source</Filter>
    </ClInclude>
    <ClInclude Include="..\Lua\lfunc.h">
      <Filter>Lua source</Filter>
    </ClInclude>
    <ClInclude Include="..\Lua\lgc.h">
      <Filter>Lua source</Filter>
    </ClInclude>
    <ClInclude Include="..\Lua\llex.h">
      <Filter>Lua source</Filter>
    </ClInclude>
    <ClInclude Include="..\Lua\llimits.h">
      <Filter>Lua source</Filter>
    </ClInclude>
    <ClInclude Include="..\Lua\lmem.h">
      <Filter>Lua source</Filter>
    </ClInclude>
    <ClInclude Include="..\Lua\lobject.h">
      <Filter>Lua source</Filter>
    </ClInclude>
    <ClInclude Include="..\Lua\lopcodes.h">
      <Filter>Lua source</Filter>
    </ClInclude>
    <ClInclude Include="..\Lua\lparser.h">
      <Filter>Lua source</Filter>
    </ClInclude>
    <ClInclude Include="..\Lua\lstate.h">
      <Filter>Lua source</Filter>
    </ClInclude>
    <ClInclude Include="..\Lua\lstring.h">
      <Filter>Lua source</Filter>
    </ClInclude>
    <ClInclude Include="..\Lua\ltable.h">
      <Filter>Lua source</Filter>
    </ClInclude>
    <ClInclude Include="..\Lua\ltm.h">
      <Filter>Lua source</Filter>
    </ClInclude>
    <ClInclude Include="..\Lua\lua.h">
      <Filter>Lua source</Filter>
    </ClInclude>
    <ClInclude Include="..\Lua\lua.hpp">
      <Filter>Lua source</Filter>
    </ClInclude>
    <ClInclude Include="..\Lua\luaconf.h">
      <Filter>Lua source</Filter>
    </ClInclude>
    <ClInclude Include="..\Lua\lualib.h">
      <Filter>Lua source</Filter>
    </ClInclude>
    <ClInclude Include="..\Lua\lundump.h">
      <Filter>Lua source</Filter>
    </ClInclude>
    <ClInclude Include="..\Lua\lvm.h">
      <Filter>Lua source</Filter>
    </ClInclude>
    <ClInclude Include="..\Lua\lzio.h">
      <Filter>Lua source</Filter>
    </ClInclude>
    <ClInclude Include="sharker.h">
      <Filter>Header Files</Filter>
    </ClInclude>
    <ClInclude Include="stdafx.h">
      <Filter>Header Files</Filter>
    </ClInclude>
    <ClInclude Include="targetver.h">
      <Filter>Header Files</Filter>
    </ClInclude>
    <ClInclude Include="logging.h">
      <Filter>Header Files</Filter>
    </ClInclude>
    <ClInclude Include="api.h">
      <Filter>Header Files</Filter>
    </ClInclude>
    <ClInclude Include="lua.h">
      <Filter>Header Files</Filter>
    </ClInclude>
    <ClInclude Include="..\shared\CDataFile.h">
      <Filter>lib</Filter>
    </ClInclude>
  </ItemGroup>
</Project>